
Microsoft Visual Studio Solution File, Format Version 12.00
# Visual Studio 2013
VisualStudioVersion = 12.0.30723.0
MinimumVisualStudioVersion = 10.0.40219.1
Project("{FAE04EC0-301F-11D3-BF4B-00C04F79EFBC}") = "web_part2_397", "web_part2_397\web_part2_397.csproj", "{159A8F68-F3BE-4405-A9EB-0F249CDBCAF2}"
EndProject
Global
	GlobalSection(SolutionConfigurationPlatforms) = preSolution
		Debug|Any CPU = Debug|Any CPU
		Release|Any CPU = Release|Any CPU
	EndGlobalSection
	GlobalSection(ProjectConfigurationPlatforms) = postSolution
		{159A8F68-F3BE-4405-A9EB-0F249CDBCAF2}.Debug|Any CPU.ActiveCfg = Debug|Any CPU
		{159A8F68-F3BE-4405-A9EB-0F249CDBCAF2}.Debug|Any CPU.Build.0 = Debug|Any CPU
		{159A8F68-F3BE-4405-A9EB-0F249CDBCAF2}.Release|Any CPU.ActiveCfg = Release|Any CPU
		{159A8F68-F3BE-4405-A9EB-0F249CDBCAF2}.Release|Any CPU.Build.0 = Release|Any CPU
	EndGlobalSection
	GlobalSection(SolutionProperties) = preSolution
		HideSolutionNode = FALSE
	EndGlobalSection
EndGlobal
